
Microsoft Visual Studio Solution File, Format Version 12.00
# Visual Studio 15
VisualStudioVersion = 15.0.28307.1145
MinimumVisualStudioVersion = 10.0.40219.1
Project("{FAE04EC0-301F-11D3-BF4B-00C04F79EFBC}") = "CrmBL", "CrmBL\CrmBL.csproj", "{C7110EBF-D33F-4B57-B114-F3F861F9B624}"
EndProject
Project("{FAE04EC0-301F-11D3-BF4B-00C04F79EFBC}") = "CrmUi", "CrmUi\CrmUi.csproj", "{5A9FAF0F-AB54-49E7-9D89-E0D1A6B3F5E4}"
EndProject
Global
	GlobalSection(SolutionConfigurationPlatforms) = preSolution
		Debug|Any CPU = Debug|Any CPU
		Release|Any CPU = Release|Any CPU
	EndGlobalSection
	GlobalSection(ProjectConfigurationPlatforms) = postSolution
		{C7110EBF-D33F-4B57-B114-F3F861F9B624}.Debug|Any CPU.ActiveCfg = Debug|Any CPU
		{C7110EBF-D33F-4B57-B114-F3F861F9B624}.Debug|Any CPU.Build.0 = Debug|Any CPU
		{C7110EBF-D33F-4B57-B114-F3F861F9B624}.Release|Any CPU.ActiveCfg = Release|Any CPU
		{C7110EBF-D33F-4B57-B114-F3F861F9B624}.Release|Any CPU.Build.0 = Release|Any CPU
		{5A9FAF0F-AB54-49E7-9D89-E0D1A6B3F5E4}.Debug|Any CPU.ActiveCfg = Debug|Any CPU
		{5A9FAF0F-AB54-49E7-9D89-E0D1A6B3F5E4}.Debug|Any CPU.Build.0 = Debug|Any CPU
		{5A9FAF0F-AB54-49E7-9D89-E0D1A6B3F5E4}.Release|Any CPU.ActiveCfg = Release|Any CPU
		{5A9FAF0F-AB54-49E7-9D89-E0D1A6B3F5E4}.Release|Any CPU.Build.0 = Release|Any CPU
	EndGlobalSection
	GlobalSection(SolutionProperties) = preSolution
		HideSolutionNode = FALSE
	EndGlobalSection
	GlobalSection(ExtensibilityGlobals) = postSolution
		SolutionGuid = {499C6DE7-C693-4CA2-9A20-1239E5BDAD3B}
	EndGlobalSection
EndGlobal
